// !$*UTF8*$!
{
	archiveVersion = 1;
	classes = {
	};
	objectVersion = 46;
	objects = {

/* Begin PBXBuildFile section */
		05E33AE21B58FF0D00F8CC1F /* AppDelegate.swift in Sources */ = {isa = PBXBuildFile; fileRef = 05E33AE11B58FF0C00F8CC1F /* AppDelegate.swift */; };
		05E33AE41B58FF0D00F8CC1F /* ViewController.swift in Sources */ = {isa = PBXBuildFile; fileRef = 05E33AE31B58FF0D00F8CC1F /* ViewController.swift */; };
		05E33AE71B58FF0F00F8CC1F /* Main.storyboard in Resources */ = {isa = PBXBuildFile; fileRef = 05E33AE51B58FF0D00F8CC1F /* Main.storyboard */; };
		05E33AEA1B58FF0F00F8CC1F /* SpeedType.xcdatamodeld in Sources */ = {isa = PBXBuildFile; fileRef = 05E33AE81B58FF0F00F8CC1F /* SpeedType.xcdatamodeld */; };
		05E33AEC1B58FF0F00F8CC1F /* Assets.xcassets in Resources */ = {isa = PBXBuildFile; fileRef = 05E33AEB1B58FF0F00F8CC1F /* Assets.xcassets */; };
		05E33AEF1B58FF0F00F8CC1F /* LaunchScreen.storyboard in Resources */ = {isa = PBXBuildFile; fileRef = 05E33AED1B58FF0F00F8CC1F /* LaunchScreen.storyboard */; };
		05E33AFA1B58FF1100F8CC1F /* SpeedTypeTests.swift in Sources */ = {isa = PBXBuildFile; fileRef = 05E33AF91B58FF1100F8CC1F /* SpeedTypeTests.swift */; };
		05E33B051B58FF1100F8CC1F /* SpeedTypeUITests.swift in Sources */ = {isa = PBXBuildFile; fileRef = 05E33B041B58FF1100F8CC1F /* SpeedTypeUITests.swift */; };
/* End PBXBuildFile section */

/* Begin PBXContainerItemProxy section */
		05E33AF61B58FF1100F8CC1F /* PBXContainerItemProxy */ = {
			isa = PBXContainerItemProxy;
			containerPortal = 05E33AD61B58FF0B00F8CC1F /* Project object */;
			proxyType = 1;
			remoteGlobalIDString = 05E33ADD1B58FF0C00F8CC1F;
			remoteInfo = SpeedType;
		};
		05E33B011B58FF1100F8CC1F /* PBXContainerItemProxy */ = {
			isa = PBXContainerItemProxy;
			containerPortal = 05E33AD61B58FF0B00F8CC1F /* Project object */;
			proxyType = 1;
			remoteGlobalIDString = 05E33ADD1B58FF0C00F8CC1F;
			remoteInfo = SpeedType;
		};
/* End PBXContainerItemProxy section */

/* Begin PBXFileReference section */
		05E33ADE1B58FF0C00F8CC1F /* SpeedType.app */ = {isa = PBXFileReference; explicitFileType = wrapper.application; includeInIndex = 0; path = SpeedType.app; sourceTree = BUILT_PRODUCTS_DIR; };
		05E33AE11B58FF0C00F8CC1F /* AppDelegate.swift */ = {isa = PBXFileReference; lastKnownFileType = sourcecode.swift; path = AppDelegate.swift; sourceTree = "<group>"; };
		05E33AE31B58FF0D00F8CC1F /* ViewController.swift */ = {isa = PBXFileReference; lastKnownFileType = sourcecode.swift; path = ViewController.swift; sourceTree = "<group>"; };
		05E33AE61B58FF0D00F8CC1F /* Base */ = {isa = PBXFileReference; lastKnownFileType = file.storyboard; name = Base; path = Base.lproj/Main.storyboard; sourceTree = "<group>"; };
		05E33AE91B58FF0F00F8CC1F /* SpeedType.xcdatamodel */ = {isa = PBXFileReference; lastKnownFileType = wrapper.xcdatamodel; path = SpeedType.xcdatamodel; sourceTree = "<group>"; };
		05E33AEB1B58FF0F00F8CC1F /* Assets.xcassets */ = {isa = PBXFileReference; lastKnownFileType = folder.assetcatalog; path = Assets.xcassets; sourceTree = "<group>"; };
		05E33AEE1B58FF0F00F8CC1F /* Base */ = {isa = PBXFileReference; lastKnownFileType = file.storyboard; name = Base; path = Base.lproj/LaunchScreen.storyboard; sourceTree = "<group>"; };
		05E33AF01B58FF0F00F8CC1F /* Info.plist */ = {isa = PBXFileReference; lastKnownFileType = text.plist.xml; path = Info.plist; sourceTree = "<group>"; };
		05E33AF51B58FF1100F8CC1F /* SpeedTypeTests.xctest */ = {isa = PBXFileReference; explicitFileType = wrapper.cfbundle; includeInIndex = 0; path = SpeedTypeTests.xctest; sourceTree = BUILT_PRODUCTS_DIR; };
		05E33AF91B58FF1100F8CC1F /* SpeedTypeTests.swift */ = {isa = PBXFileReference; lastKnownFileType = sourcecode.swift; path = SpeedTypeTests.swift; sourceTree = "<group>"; };
		05E33AFB1B58FF1100F8CC1F /* Info.plist */ = {isa = PBXFileReference; lastKnownFileType = text.plist.xml; path = Info.plist; sourceTree = "<group>"; };
		05E33B001B58FF1100F8CC1F /* SpeedTypeUITests.xctest */ = {isa = PBXFileReference; explicitFileType = wrapper.cfbundle; includeInIndex = 0; path = SpeedTypeUITests.xctest; sourceTree = BUILT_PRODUCTS_DIR; };
		05E33B041B58FF1100F8CC1F /* SpeedTypeUITests.swift */ = {isa = PBXFileReference; lastKnownFileType = sourcecode.swift; path = SpeedTypeUITests.swift; sourceTree = "<group>"; };
		05E33B061B58FF1100F8CC1F /* Info.plist */ = {isa = PBXFileReference; lastKnownFileType = text.plist.xml; path = Info.plist; sourceTree = "<group>"; };
/* End PBXFileReference section */

/* Begin PBXFrameworksBuildPhase section */
		05E33ADB1B58FF0C00F8CC1F /* Frameworks */ = {
			isa = PBXFrameworksBuildPhase;
			buildActionMask = 2147483647;
			files = (
			);
			runOnlyForDeploymentPostprocessing = 0;
		};
		05E33AF21B58FF1100F8CC1F /* Frameworks */ = {
			isa = PBXFrameworksBuildPhase;
			buildActionMask = 2147483647;
			files = (
			);
			runOnlyForDeploymentPostprocessing = 0;
		};
		05E33AFD1B58FF1100F8CC1F /* Frameworks */ = {
			isa = PBXFrameworksBuildPhase;
			buildActionMask = 2147483647;
			files = (
			);
			runOnlyForDeploymentPostprocessing = 0;
		};
/* End PBXFrameworksBuildPhase section */

/* Begin PBXGroup section */
		05E33AD51B58FF0A00F8CC1F = {
			isa = PBXGroup;
			children = (
				05E33AE01B58FF0C00F8CC1F /* SpeedType */,
				05E33AF81B58FF1100F8CC1F /* SpeedTypeTests */,
				05E33B031B58FF1100F8CC1F /* SpeedTypeUITests */,
				05E33ADF1B58FF0C00F8CC1F /* Products */,
			);
			sourceTree = "<group>";
		};
		05E33ADF1B58FF0C00F8CC1F /* Products */ = {
			isa = PBXGroup;
			children = (
				05E33ADE1B58FF0C00F8CC1F /* SpeedType.app */,
				05E33AF51B58FF1100F8CC1F /* SpeedTypeTests.xctest */,
				05E33B001B58FF1100F8CC1F /* SpeedTypeUITests.xctest */,
			);
			name = Products;
			sourceTree = "<group>";
		};
		05E33AE01B58FF0C00F8CC1F /* SpeedType */ = {
			isa = PBXGroup;
			children = (
				05E33AE11B58FF0C00F8CC1F /* AppDelegate.swift */,
				05E33AE31B58FF0D00F8CC1F /* ViewController.swift */,
				05E33AE51B58FF0D00F8CC1F /* Main.storyboard */,
				05E33AEB1B58FF0F00F8CC1F /* Assets.xcassets */,
				05E33AED1B58FF0F00F8CC1F /* LaunchScreen.storyboard */,
				05E33AF01B58FF0F00F8CC1F /* Info.plist */,
				05E33AE81B58FF0F00F8CC1F /* SpeedType.xcdatamodeld */,
			);
			path = SpeedType;
			sourceTree = "<group>";
		};
		05E33AF81B58FF1100F8CC1F /* SpeedTypeTests */ = {
			isa = PBXGroup;
			children = (
				05E33AF91B58FF1100F8CC1F /* SpeedTypeTests.swift */,
				05E33AFB1B58FF1100F8CC1F /* Info.plist */,
			);
			path = SpeedTypeTests;
			sourceTree = "<group>";
		};
		05E33B031B58FF1100F8CC1F /* SpeedTypeUITests */ = {
			isa = PBXGroup;
			children = (
				05E33B041B58FF1100F8CC1F /* SpeedTypeUITests.swift */,
				05E33B061B58FF1100F8CC1F /* Info.plist */,
			);
			path = SpeedTypeUITests;
			sourceTree = "<group>";
		};
/* End PBXGroup section */

/* Begin PBXNativeTarget section */
		05E33ADD1B58FF0C00F8CC1F /* SpeedType */ = {
			isa = PBXNativeTarget;
			buildConfigurationList = 05E33B091B58FF1100F8CC1F /* Build configuration list for PBXNativeTarget "SpeedType" */;
			buildPhases = (
				05E33ADA1B58FF0C00F8CC1F /* Sources */,
				05E33ADB1B58FF0C00F8CC1F /* Frameworks */,
				05E33ADC1B58FF0C00F8CC1F /* Resources */,
			);
			buildRules = (
			);
			dependencies = (
			);
			name = SpeedType;
			productName = SpeedType;
			productReference = 05E33ADE1B58FF0C00F8CC1F /* SpeedType.app */;
			productType = "com.apple.product-type.application";
		};
		05E33AF41B58FF1100F8CC1F /* SpeedTypeTests */ = {
			isa = PBXNativeTarget;
			buildConfigurationList = 05E33B0C1B58FF1100F8CC1F /* Build configuration list for PBXNativeTarget "SpeedTypeTests" */;
			buildPhases = (
				05E33AF11B58FF1100F8CC1F /* Sources */,
				05E33AF21B58FF1100F8CC1F /* Frameworks */,
				05E33AF31B58FF1100F8CC1F /* Resources */,
			);
			buildRules = (
			);
			dependencies = (
				05E33AF71B58FF1100F8CC1F /* PBXTargetDependency */,
			);
			name = SpeedTypeTests;
			productName = SpeedTypeTests;
			productReference = 05E33AF51B58FF1100F8CC1F /* SpeedTypeTests.xctest */;
			productType = "com.apple.product-type.bundle.unit-test";
		};
		05E33AFF1B58FF1100F8CC1F /* SpeedTypeUITests */ = {
			isa = PBXNativeTarget;
			buildConfigurationList = 05E33B0F1B58FF1100F8CC1F /* Build configuration list for PBXNativeTarget "SpeedTypeUITests" */;
			buildPhases = (
				05E33AFC1B58FF1100F8CC1F /* Sources */,
				05E33AFD1B58FF1100F8CC1F /* Frameworks */,
				05E33AFE1B58FF1100F8CC1F /* Resources */,
			);
			buildRules = (
			);
			dependencies = (
				05E33B021B58FF1100F8CC1F /* PBXTargetDependency */,
			);
			name = SpeedTypeUITests;
			productName = SpeedTypeUITests;
			productReference = 05E33B001B58FF1100F8CC1F /* SpeedTypeUITests.xctest */;
			productType = "com.apple.product-type.bundle.ui-testing";
		};
/* End PBXNativeTarget section */

/* Begin PBXProject section */
		05E33AD61B58FF0B00F8CC1F /* Project object */ = {
			isa = PBXProject;
			attributes = {
				LastUpgradeCheck = 0700;
				ORGANIZATIONNAME = "三池 大樹";
				TargetAttributes = {
					05E33ADD1B58FF0C00F8CC1F = {
						CreatedOnToolsVersion = 7.0;
					};
					05E33AF41B58FF1100F8CC1F = {
						CreatedOnToolsVersion = 7.0;
						TestTargetID = 05E33ADD1B58FF0C00F8CC1F;
					};
					05E33AFF1B58FF1100F8CC1F = {
						CreatedOnToolsVersion = 7.0;
						TestTargetID = 05E33ADD1B58FF0C00F8CC1F;
					};
				};
			};
			buildConfigurationList = 05E33AD91B58FF0B00F8CC1F /* Build configuration list for PBXProject "SpeedType" */;
			compatibilityVersion = "Xcode 3.2";
			developmentRegion = English;
			hasScannedForEncodings = 0;
			knownRegions = (
				en,
				Base,
			);
			mainGroup = 05E33AD51B58FF0A00F8CC1F;
			productRefGroup = 05E33ADF1B58FF0C00F8CC1F /* Products */;
			projectDirPath = "";
			projectRoot = "";
			targets = (
				05E33ADD1B58FF0C00F8CC1F /* SpeedType */,
				05E33AF41B58FF1100F8CC1F /* SpeedTypeTests */,
				05E33AFF1B58FF1100F8CC1F /* SpeedTypeUITests */,
			);
		};
/* End PBXProject section */

/* Begin PBXResourcesBuildPhase section */
		05E33ADC1B58FF0C00F8CC1F /* Resources */ = {
			isa = PBXResourcesBuildPhase;
			buildActionMask = 2147483647;
			files = (
				05E33AEF1B58FF0F00F8CC1F /* LaunchScreen.storyboard in Resources */,
				05E33AEC1B58FF0F00F8CC1F /* Assets.xcassets in Resources */,
				05E33AE71B58FF0F00F8CC1F /* Main.storyboard in Resources */,
			);
			runOnlyForDeploymentPostprocessing = 0;
		};
		05E33AF31B58FF1100F8CC1F /* Resources */ = {
			isa = PBXResourcesBuildPhase;
			buildActionMask = 2147483647;
			files = (
			);
			runOnlyForDeploymentPostprocessing = 0;
		};
		05E33AFE1B58FF1100F8CC1F /* Resources */ = {
			isa = PBXResourcesBuildPhase;
			buildActionMask = 2147483647;
			files = (
			);
			runOnlyForDeploymentPostprocessing = 0;
		};
/* End PBXResourcesBuildPhase section */

/* Begin PBXSourcesBuildPhase section */
		05E33ADA1B58FF0C00F8CC1F /* Sources */ = {
			isa = PBXSourcesBuildPhase;
			buildActionMask = 2147483647;
			files = (
				05E33AEA1B58FF0F00F8CC1F /* SpeedType.xcdatamodeld in Sources */,
				05E33AE41B58FF0D00F8CC1F /* ViewController.swift in Sources */,
				05E33AE21B58FF0D00F8CC1F /* AppDelegate.swift in Sources */,
			);
			runOnlyForDeploymentPostprocessing = 0;
		};
		05E33AF11B58FF1100F8CC1F /* Sources */ = {
			isa = PBXSourcesBuildPhase;
			buildActionMask = 2147483647;
			files = (
				05E33AFA1B58FF1100F8CC1F /* SpeedTypeTests.swift in Sources */,
			);
			runOnlyForDeploymentPostprocessing = 0;
		};
		05E33AFC1B58FF1100F8CC1F /* Sources */ = {
			isa = PBXSourcesBuildPhase;
			buildActionMask = 2147483647;
			files = (
				05E33B051B58FF1100F8CC1F /* SpeedTypeUITests.swift in Sources */,
			);
			runOnlyForDeploymentPostprocessing = 0;
		};
/* End PBXSourcesBuildPhase section */

/* Begin PBXTargetDependency section */
		05E33AF71B58FF1100F8CC1F /* PBXTargetDependency */ = {
			isa = PBXTargetDependency;
			target = 05E33ADD1B58FF0C00F8CC1F /* SpeedType */;
			targetProxy = 05E33AF61B58FF1100F8CC1F /* PBXContainerItemProxy */;
		};
		05E33B021B58FF1100F8CC1F /* PBXTargetDependency */ = {
			isa = PBXTargetDependency;
			target = 05E33ADD1B58FF0C00F8CC1F /* SpeedType */;
			targetProxy = 05E33B011B58FF1100F8CC1F /* PBXContainerItemProxy */;
		};
/* End PBXTargetDependency section */

/* Begin PBXVariantGroup section */
		05E33AE51B58FF0D00F8CC1F /* Main.storyboard */ = {
			isa = PBXVariantGroup;
			children = (
				05E33AE61B58FF0D00F8CC1F /* Base */,
			);
			name = Main.storyboard;
			sourceTree = "<group>";
		};
		05E33AED1B58FF0F00F8CC1F /* LaunchScreen.storyboard */ = {
			isa = PBXVariantGroup;
			children = (
				05E33AEE1B58FF0F00F8CC1F /* Base */,
			);
			name = LaunchScreen.storyboard;
			sourceTree = "<group>";
		};
/* End PBXVariantGroup section */

/* Begin XCBuildConfiguration section */
		05E33B071B58FF1100F8CC1F /* Debug */ = {
			isa = XCBuildConfiguration;
			buildSettings = {
				ALWAYS_SEARCH_USER_PATHS = NO;
				CLANG_CXX_LANGUAGE_STANDARD = "gnu++0x";
				CLANG_CXX_LIBRARY = "libc++";
				CLANG_ENABLE_MODULES = YES;
				CLANG_ENABLE_OBJC_ARC = YES;
				CLANG_WARN_BOOL_CONVERSION = YES;
				CLANG_WARN_CONSTANT_CONVERSION = YES;
				CLANG_WARN_DIRECT_OBJC_ISA_USAGE = YES_ERROR;
				CLANG_WARN_EMPTY_BODY = YES;
				CLANG_WARN_ENUM_CONVERSION = YES;
				CLANG_WARN_INT_CONVERSION = YES;
				CLANG_WARN_OBJC_ROOT_CLASS = YES_ERROR;
				CLANG_WARN_UNREACHABLE_CODE = YES;
				CLANG_WARN__DUPLICATE_METHOD_MATCH = YES;
				"CODE_SIGN_IDENTITY[sdk=iphoneos*]" = "iPhone Developer";
				COPY_PHASE_STRIP = NO;
				DEBUG_INFORMATION_FORMAT = dwarf;
				ENABLE_STRICT_OBJC_MSGSEND = YES;
				ENABLE_TESTABILITY = YES;
				GCC_C_LANGUAGE_STANDARD = gnu99;
				GCC_DYNAMIC_NO_PIC = NO;
				GCC_NO_COMMON_BLOCKS = YES;
				GCC_OPTIMIZATION_LEVEL = 0;
				GCC_PREPROCESSOR_DEFINITIONS = (
					"DEBUG=1",
					"$(inherited)",
				);
				GCC_WARN_64_TO_32_BIT_CONVERSION = YES;
				GCC_WARN_ABOUT_RETURN_TYPE = YES_ERROR;
				GCC_WARN_UNDECLARED_SELECTOR = YES;
				GCC_WARN_UNINITIALIZED_AUTOS = YES_AGGRESSIVE;
				GCC_WARN_UNUSED_FUNCTION = YES;
				GCC_WARN_UNUSED_VARIABLE = YES;
				IPHONEOS_DEPLOYMENT_TARGET = 9.0;
				MTL_ENABLE_DEBUG_INFO = YES;
				ONLY_ACTIVE_ARCH = YES;
				SDKROOT = iphoneos;
				SWIFT_OPTIMIZATION_LEVEL = "-Onone";
				TARGETED_DEVICE_FAMILY = 2;
			};
			name = Debug;
		};
		05E33B081B58FF1100F8CC1F /* Release */ = {
			isa = XCBuildConfiguration;
			buildSettings = {
				ALWAYS_SEARCH_USER_PATHS = NO;
				CLANG_CXX_LANGUAGE_STANDARD = "gnu++0x";
				CLANG_CXX_LIBRARY = "libc++";
				CLANG_ENABLE_MODULES = YES;
				CLANG_ENABLE_OBJC_ARC = YES;
				CLANG_WARN_BOOL_CONVERSION = YES;
				CLANG_WARN_CONSTANT_CONVERSION = YES;
				CLANG_WARN_DIRECT_OBJC_ISA_USAGE = YES_ERROR;
				CLANG_WARN_EMPTY_BODY = YES;
				CLANG_WARN_ENUM_CONVERSION = YES;
				CLANG_WARN_INT_CONVERSION = YES;
				CLANG_WARN_OBJC_ROOT_CLASS = YES_ERROR;
				CLANG_WARN_UNREACHABLE_CODE = YES;
				CLANG_WARN__DUPLICATE_METHOD_MATCH = YES;
				"CODE_SIGN_IDENTITY[sdk=iphoneos*]" = "iPhone Developer";
				COPY_PHASE_STRIP = NO;
				DEBUG_INFORMATION_FORMAT = "dwarf-with-dsym";
				ENABLE_NS_ASSERTIONS = NO;
				ENABLE_STRICT_OBJC_MSGSEND = YES;
				GCC_C_LANGUAGE_STANDARD = gnu99;
				GCC_NO_COMMON_BLOCKS = YES;
				GCC_WARN_64_TO_32_BIT_CONVERSION = YES;
				GCC_WARN_ABOUT_RETURN_TYPE = YES_ERROR;
				GCC_WARN_UNDECLARED_SELECTOR = YES;
				GCC_WARN_UNINITIALIZED_AUTOS = YES_AGGRESSIVE;
				GCC_WARN_UNUSED_FUNCTION = YES;
				GCC_WARN_UNUSED_VARIABLE = YES;
				IPHONEOS_DEPLOYMENT_TARGET = 9.0;
				MTL_ENABLE_DEBUG_INFO = NO;
				SDKROOT = iphoneos;
				TARGETED_DEVICE_FAMILY = 2;
				VALIDATE_PRODUCT = YES;
			};
			name = Release;
		};
		05E33B0A1B58FF1100F8CC1F /* Debug */ = {
			isa = XCBuildConfiguration;
			buildSettings = {
				ASSETCATALOG_COMPILER_APPICON_NAME = AppIcon;
				INFOPLIST_FILE = SpeedType/Info.plist;
				LD_RUNPATH_SEARCH_PATHS = "$(inherited) @executable_path/Frameworks";
				PRODUCT_BUNDLE_IDENTIFIER = com.mikeke.SpeedType;
				PRODUCT_NAME = "$(TARGET_NAME)";
			};
			name = Debug;
		};
		05E33B0B1B58FF1100F8CC1F /* Release */ = {
			isa = XCBuildConfiguration;
			buildSettings = {
				ASSETCATALOG_COMPILER_APPICON_NAME = AppIcon;
				INFOPLIST_FILE = SpeedType/Info.plist;
				LD_RUNPATH_SEARCH_PATHS = "$(inherited) @executable_path/Frameworks";
				PRODUCT_BUNDLE_IDENTIFIER = com.mikeke.SpeedType;
				PRODUCT_NAME = "$(TARGET_NAME)";
			};
			name = Release;
		};
		05E33B0D1B58FF1100F8CC1F /* Debug */ = {
			isa = XCBuildConfiguration;
			buildSettings = {
				BUNDLE_LOADER = "$(TEST_HOST)";
				INFOPLIST_FILE = SpeedTypeTests/Info.plist;
				LD_RUNPATH_SEARCH_PATHS = "$(inherited) @executable_path/Frameworks @loader_path/Frameworks";
				PRODUCT_BUNDLE_IDENTIFIER = com.mikeke.SpeedTypeTests;
				PRODUCT_NAME = "$(TARGET_NAME)";
				TEST_HOST = "$(BUILT_PRODUCTS_DIR)/SpeedType.app/SpeedType";
			};
			name = Debug;
		};
		05E33B0E1B58FF1100F8CC1F /* Release */ = {
			isa = XCBuildConfiguration;
			buildSettings = {
				BUNDLE_LOADER = "$(TEST_HOST)";
				INFOPLIST_FILE = SpeedTypeTests/Info.plist;
				LD_RUNPATH_SEARCH_PATHS = "$(inherited) @executable_path/Frameworks @loader_path/Frameworks";
				PRODUCT_BUNDLE_IDENTIFIER = com.mikeke.SpeedTypeTests;
				PRODUCT_NAME = "$(TARGET_NAME)";
				TEST_HOST = "$(BUILT_PRODUCTS_DIR)/SpeedType.app/SpeedType";
			};
			name = Release;
		};
		05E33B101B58FF1100F8CC1F /* Debug */ = {
			isa = XCBuildConfiguration;
			buildSettings = {
				INFOPLIST_FILE = SpeedTypeUITests/Info.plist;
				LD_RUNPATH_SEARCH_PATHS = "$(inherited) @executable_path/Frameworks @loader_path/Frameworks";
				PRODUCT_BUNDLE_IDENTIFIER = com.mikeke.SpeedTypeUITests;
				PRODUCT_NAME = "$(TARGET_NAME)";
				TEST_TARGET_NAME = SpeedType;
				USES_XCTRUNNER = YES;
			};
			name = Debug;
		};
		05E33B111B58FF1100F8CC1F /* Release */ = {
			isa = XCBuildConfiguration;
			buildSettings = {
				INFOPLIST_FILE = SpeedTypeUITests/Info.plist;
				LD_RUNPATH_SEARCH_PATHS = "$(inherited) @executable_path/Frameworks @loader_path/Frameworks";
				PRODUCT_BUNDLE_IDENTIFIER = com.mikeke.SpeedTypeUITests;
				PRODUCT_NAME = "$(TARGET_NAME)";
				TEST_TARGET_NAME = SpeedType;
				USES_XCTRUNNER = YES;
			};
			name = Release;
		};
/* End XCBuildConfiguration section */

/* Begin XCConfigurationList section */
		05E33AD91B58FF0B00F8CC1F /* Build configuration list for PBXProject "SpeedType" */ = {
			isa = XCConfigurationList;
			buildConfigurations = (
				05E33B071B58FF1100F8CC1F /* Debug */,
				05E33B081B58FF1100F8CC1F /* Release */,
			);
			defaultConfigurationIsVisible = 0;
			defaultConfigurationName = Release;
		};
		05E33B091B58FF1100F8CC1F /* Build configuration list for PBXNativeTarget "SpeedType" */ = {
			isa = XCConfigurationList;
			buildConfigurations = (
				05E33B0A1B58FF1100F8CC1F /* Debug */,
				05E33B0B1B58FF1100F8CC1F /* Release */,
			);
			defaultConfigurationIsVisible = 0;
		};
		05E33B0C1B58FF1100F8CC1F /* Build configuration list for PBXNativeTarget "SpeedTypeTests" */ = {
			isa = XCConfigurationList;
			buildConfigurations = (
				05E33B0D1B58FF1100F8CC1F /* Debug */,
				05E33B0E1B58FF1100F8CC1F /* Release */,
			);
			defaultConfigurationIsVisible = 0;
		};
		05E33B0F1B58FF1100F8CC1F /* Build configuration list for PBXNativeTarget "SpeedTypeUITests" */ = {
			isa = XCConfigurationList;
			buildConfigurations = (
				05E33B101B58FF1100F8CC1F /* Debug */,
				05E33B111B58FF1100F8CC1F /* Release */,
			);
			defaultConfigurationIsVisible = 0;
		};
/* End XCConfigurationList section */

/* Begin XCVersionGroup section */
		05E33AE81B58FF0F00F8CC1F /* SpeedType.xcdatamodeld */ = {
			isa = XCVersionGroup;
			children = (
				05E33AE91B58FF0F00F8CC1F /* SpeedType.xcdatamodel */,
			);
			currentVersion = 05E33AE91B58FF0F00F8CC1F /* SpeedType.xcdatamodel */;
			path = SpeedType.xcdatamodeld;
			sourceTree = "<group>";
			versionGroupType = wrapper.xcdatamodel;
		};
/* End XCVersionGroup section */
	};
	rootObject = 05E33AD61B58FF0B00F8CC1F /* Project object */;
}
